
Microsoft Visual Studio Solution File, Format Version 12.00
# Visual Studio Version 16
VisualStudioVersion = 16.0.29806.167
MinimumVisualStudioVersion = 10.0.40219.1
Project("{9A19103F-16F7-4668-BE54-9A1E7A4F7556}") = "VladDemo", "VladDemo\VladDemo.csproj", "{923B893C-7F20-4DDB-82AE-F9A0E7AFFFA7}"
EndProject
Project("{9A19103F-16F7-4668-BE54-9A1E7A4F7556}") = "ReflectionTest", "ReflectionTest\ReflectionTest.csproj", "{F622618B-500F-4E88-98CF-F6C4E2BE6B8A}"
EndProject
Project("{9A19103F-16F7-4668-BE54-9A1E7A4F7556}") = "TestLib", "TestLib\TestLib.csproj", "{79A45CDA-24CA-4CE2-92A4-8990F4599421}"
EndProject
Project("{9A19103F-16F7-4668-BE54-9A1E7A4F7556}") = "Variants", "Variants\Variants.csproj", "{3426D57F-6C48-4BD9-90F7-B9241CEBCFE6}"
EndProject
Project("{9A19103F-16F7-4668-BE54-9A1E7A4F7556}") = "Cargo", "Cargo\Cargo.csproj", "{04AF74BE-461B-410B-A2D5-051AE3A445F0}"
EndProject
Project("{9A19103F-16F7-4668-BE54-9A1E7A4F7556}") = "FileTest", "FileTest\FileTest.csproj", "{AE396A5E-8DF1-4EC9-9517-4212636E4C25}"
EndProject
Project("{9A19103F-16F7-4668-BE54-9A1E7A4F7556}") = "ReferenceParametres", "ReferenceParametres\ReferenceParametres.csproj", "{6420F101-6577-4F72-A9EA-B0E5DB2E1401}"
EndProject
Project("{9A19103F-16F7-4668-BE54-9A1E7A4F7556}") = "OutParameters", "OutParameters\OutParameters.csproj", "{4FA6FF6B-E2CA-425E-B9F1-6FC877CEBA57}"
EndProject
Project("{9A19103F-16F7-4668-BE54-9A1E7A4F7556}") = "ParamsParameters", "ParamsParameters\ParamsParameters.csproj", "{CBB680F8-A72B-44C3-990C-FB0BC4F8A58A}"
EndProject
Project("{9A19103F-16F7-4668-BE54-9A1E7A4F7556}") = "NamedParametres", "NamedParametres\NamedParametres.csproj", "{E0904E7E-8981-4688-B64A-AE0F60C659DB}"
EndProject
Project("{9A19103F-16F7-4668-BE54-9A1E7A4F7556}") = "ExtensionParametres", "ExtensionParametres\ExtensionParametres.csproj", "{F4D2E0F8-88F1-4AE9-B452-541960323644}"
EndProject
Project("{9A19103F-16F7-4668-BE54-9A1E7A4F7556}") = "WhereQuery", "WhereQuery\WhereQuery.csproj", "{7CFF2542-EF92-4D43-89DA-917E70C0BFF5}"
EndProject
Project("{9A19103F-16F7-4668-BE54-9A1E7A4F7556}") = "WhenSwitch", "WhenSwitch\WhenSwitch.csproj", "{DE2E42CF-B8AD-4597-B9B6-7CC5CAE651AE}"
EndProject
Project("{9A19103F-16F7-4668-BE54-9A1E7A4F7556}") = "ErrorHandle", "ErrorHandle\ErrorHandle.csproj", "{1301D5E4-1118-4807-8156-073AA74EDF82}"
EndProject
Project("{9A19103F-16F7-4668-BE54-9A1E7A4F7556}") = "DiscardsTest", "DiscardsTest\DiscardsTest.csproj", "{912AF31A-0AAB-4692-9988-C680C448CB2F}"
EndProject
Project("{9A19103F-16F7-4668-BE54-9A1E7A4F7556}") = "GroupLinq", "GroupLinq\GroupLinq.csproj", "{AB27416F-62B1-4545-BB55-A09F353FC8C0}"
EndProject
Project("{9A19103F-16F7-4668-BE54-9A1E7A4F7556}") = "LinqTest", "LinqTest\LinqTest.csproj", "{A982EF1E-1187-4B1C-83B3-7285CAD46C96}"
EndProject
Project("{9A19103F-16F7-4668-BE54-9A1E7A4F7556}") = "AsyncMethods", "AsyncMethods\AsyncMethods.csproj", "{89C231D3-F9C8-4199-BEDB-3850498CBC94}"
EndProject
Project("{9A19103F-16F7-4668-BE54-9A1E7A4F7556}") = "AttributeTest", "AttributeTest\AttributeTest.csproj", "{7F5AC623-A72F-42F3-A9EE-4B99C7AAEE83}"
EndProject
Project("{9A19103F-16F7-4668-BE54-9A1E7A4F7556}") = "MultiThreading", "MultiThreading\MultiThreading.csproj", "{792692F5-D484-4FD5-8C3C-47FE44A9F50A}"
EndProject
Project("{9A19103F-16F7-4668-BE54-9A1E7A4F7556}") = "TaskTest", "TaskTest\TaskTest.csproj", "{3AF4BF39-112F-4A09-8D61-E2AD3B1B52A4}"
EndProject
Project("{9A19103F-16F7-4668-BE54-9A1E7A4F7556}") = "ParallelTest", "ParallelTest\ParallelTest.csproj", "{FDDA95D9-5A68-486B-BEA5-02DB4D091ADE}"
EndProject
Project("{9A19103F-16F7-4668-BE54-9A1E7A4F7556}") = "ListRemoveTest", "ListRemoveTest\ListRemoveTest.csproj", "{6EC2653B-414F-43FF-A5FF-8EE0320C03F9}"
EndProject
Project("{FAE04EC0-301F-11D3-BF4B-00C04F79EFBC}") = "FileAsync", "FileAsync\FileAsync.csproj", "{31423C61-CA47-48B7-81E5-0DD6A300A73C}"
EndProject
Global
	GlobalSection(SolutionConfigurationPlatforms) = preSolution
		Debug|Any CPU = Debug|Any CPU
		Release|Any CPU = Release|Any CPU
	EndGlobalSection
	GlobalSection(ProjectConfigurationPlatforms) = postSolution
		{923B893C-7F20-4DDB-82AE-F9A0E7AFFFA7}.Debug|Any CPU.ActiveCfg = Debug|Any CPU
		{923B893C-7F20-4DDB-82AE-F9A0E7AFFFA7}.Debug|Any CPU.Build.0 = Debug|Any CPU
		{923B893C-7F20-4DDB-82AE-F9A0E7AFFFA7}.Release|Any CPU.ActiveCfg = Release|Any CPU
		{923B893C-7F20-4DDB-82AE-F9A0E7AFFFA7}.Release|Any CPU.Build.0 = Release|Any CPU
		{F622618B-500F-4E88-98CF-F6C4E2BE6B8A}.Debug|Any CPU.ActiveCfg = Debug|Any CPU
		{F622618B-500F-4E88-98CF-F6C4E2BE6B8A}.Debug|Any CPU.Build.0 = Debug|Any CPU
		{F622618B-500F-4E88-98CF-F6C4E2BE6B8A}.Release|Any CPU.ActiveCfg = Release|Any CPU
		{F622618B-500F-4E88-98CF-F6C4E2BE6B8A}.Release|Any CPU.Build.0 = Release|Any CPU
		{79A45CDA-24CA-4CE2-92A4-8990F4599421}.Debug|Any CPU.ActiveCfg = Debug|Any CPU
		{79A45CDA-24CA-4CE2-92A4-8990F4599421}.Debug|Any CPU.Build.0 = Debug|Any CPU
		{79A45CDA-24CA-4CE2-92A4-8990F4599421}.Release|Any CPU.ActiveCfg = Release|Any CPU
		{79A45CDA-24CA-4CE2-92A4-8990F4599421}.Release|Any CPU.Build.0 = Release|Any CPU
		{3426D57F-6C48-4BD9-90F7-B9241CEBCFE6}.Debug|Any CPU.ActiveCfg = Debug|Any CPU
		{3426D57F-6C48-4BD9-90F7-B9241CEBCFE6}.Debug|Any CPU.Build.0 = Debug|Any CPU
		{3426D57F-6C48-4BD9-90F7-B9241CEBCFE6}.Release|Any CPU.ActiveCfg = Release|Any CPU
		{3426D57F-6C48-4BD9-90F7-B9241CEBCFE6}.Release|Any CPU.Build.0 = Release|Any CPU
		{04AF74BE-461B-410B-A2D5-051AE3A445F0}.Debug|Any CPU.ActiveCfg = Debug|Any CPU
		{04AF74BE-461B-410B-A2D5-051AE3A445F0}.Debug|Any CPU.Build.0 = Debug|Any CPU
		{04AF74BE-461B-410B-A2D5-051AE3A445F0}.Release|Any CPU.ActiveCfg = Release|Any CPU
		{04AF74BE-461B-410B-A2D5-051AE3A445F0}.Release|Any CPU.Build.0 = Release|Any CPU
		{AE396A5E-8DF1-4EC9-9517-4212636E4C25}.Debug|Any CPU.ActiveCfg = Debug|Any CPU
		{AE396A5E-8DF1-4EC9-9517-4212636E4C25}.Debug|Any CPU.Build.0 = Debug|Any CPU
		{AE396A5E-8DF1-4EC9-9517-4212636E4C25}.Release|Any CPU.ActiveCfg = Release|Any CPU
		{AE396A5E-8DF1-4EC9-9517-4212636E4C25}.Release|Any CPU.Build.0 = Release|Any CPU
		{6420F101-6577-4F72-A9EA-B0E5DB2E1401}.Debug|Any CPU.ActiveCfg = Debug|Any CPU
		{6420F101-6577-4F72-A9EA-B0E5DB2E1401}.Debug|Any CPU.Build.0 = Debug|Any CPU
		{6420F101-6577-4F72-A9EA-B0E5DB2E1401}.Release|Any CPU.ActiveCfg = Release|Any CPU
		{6420F101-6577-4F72-A9EA-B0E5DB2E1401}.Release|Any CPU.Build.0 = Release|Any CPU
		{4FA6FF6B-E2CA-425E-B9F1-6FC877CEBA57}.Debug|Any CPU.ActiveCfg = Debug|Any CPU
		{4FA6FF6B-E2CA-425E-B9F1-6FC877CEBA57}.Debug|Any CPU.Build.0 = Debug|Any CPU
		{4FA6FF6B-E2CA-425E-B9F1-6FC877CEBA57}.Release|Any CPU.ActiveCfg = Release|Any CPU
		{4FA6FF6B-E2CA-425E-B9F1-6FC877CEBA57}.Release|Any CPU.Build.0 = Release|Any CPU
		{CBB680F8-A72B-44C3-990C-FB0BC4F8A58A}.Debug|Any CPU.ActiveCfg = Debug|Any CPU
		{CBB680F8-A72B-44C3-990C-FB0BC4F8A58A}.Debug|Any CPU.Build.0 = Debug|Any CPU
		{CBB680F8-A72B-44C3-990C-FB0BC4F8A58A}.Release|Any CPU.ActiveCfg = Release|Any CPU
		{CBB680F8-A72B-44C3-990C-FB0BC4F8A58A}.Release|Any CPU.Build.0 = Release|Any CPU
		{E0904E7E-8981-4688-B64A-AE0F60C659DB}.Debug|Any CPU.ActiveCfg = Debug|Any CPU
		{E0904E7E-8981-4688-B64A-AE0F60C659DB}.Debug|Any CPU.Build.0 = Debug|Any CPU
		{E0904E7E-8981-4688-B64A-AE0F60C659DB}.Release|Any CPU.ActiveCfg = Release|Any CPU
		{E0904E7E-8981-4688-B64A-AE0F60C659DB}.Release|Any CPU.Build.0 = Release|Any CPU
		{F4D2E0F8-88F1-4AE9-B452-541960323644}.Debug|Any CPU.ActiveCfg = Debug|Any CPU
		{F4D2E0F8-88F1-4AE9-B452-541960323644}.Debug|Any CPU.Build.0 = Debug|Any CPU
		{F4D2E0F8-88F1-4AE9-B452-541960323644}.Release|Any CPU.ActiveCfg = Release|Any CPU
		{F4D2E0F8-88F1-4AE9-B452-541960323644}.Release|Any CPU.Build.0 = Release|Any CPU
		{7CFF2542-EF92-4D43-89DA-917E70C0BFF5}.Debug|Any CPU.ActiveCfg = Debug|Any CPU
		{7CFF2542-EF92-4D43-89DA-917E70C0BFF5}.Debug|Any CPU.Build.0 = Debug|Any CPU
		{7CFF2542-EF92-4D43-89DA-917E70C0BFF5}.Release|Any CPU.ActiveCfg = Release|Any CPU
		{7CFF2542-EF92-4D43-89DA-917E70C0BFF5}.Release|Any CPU.Build.0 = Release|Any CPU
		{DE2E42CF-B8AD-4597-B9B6-7CC5CAE651AE}.Debug|Any CPU.ActiveCfg = Debug|Any CPU
		{DE2E42CF-B8AD-4597-B9B6-7CC5CAE651AE}.Debug|Any CPU.Build.0 = Debug|Any CPU
		{DE2E42CF-B8AD-4597-B9B6-7CC5CAE651AE}.Release|Any CPU.ActiveCfg = Release|Any CPU
		{DE2E42CF-B8AD-4597-B9B6-7CC5CAE651AE}.Release|Any CPU.Build.0 = Release|Any CPU
		{1301D5E4-1118-4807-8156-073AA74EDF82}.Debug|Any CPU.ActiveCfg = Debug|Any CPU
		{1301D5E4-1118-4807-8156-073AA74EDF82}.Debug|Any CPU.Build.0 = Debug|Any CPU
		{1301D5E4-1118-4807-8156-073AA74EDF82}.Release|Any CPU.ActiveCfg = Release|Any CPU
		{1301D5E4-1118-4807-8156-073AA74EDF82}.Release|Any CPU.Build.0 = Release|Any CPU
		{912AF31A-0AAB-4692-9988-C680C448CB2F}.Debug|Any CPU.ActiveCfg = Debug|Any CPU
		{912AF31A-0AAB-4692-9988-C680C448CB2F}.Debug|Any CPU.Build.0 = Debug|Any CPU
		{912AF31A-0AAB-4692-9988-C680C448CB2F}.Release|Any CPU.ActiveCfg = Release|Any CPU
		{912AF31A-0AAB-4692-9988-C680C448CB2F}.Release|Any CPU.Build.0 = Release|Any CPU
		{AB27416F-62B1-4545-BB55-A09F353FC8C0}.Debug|Any CPU.ActiveCfg = Debug|Any CPU
		{AB27416F-62B1-4545-BB55-A09F353FC8C0}.Debug|Any CPU.Build.0 = Debug|Any CPU
		{AB27416F-62B1-4545-BB55-A09F353FC8C0}.Release|Any CPU.ActiveCfg = Release|Any CPU
		{AB27416F-62B1-4545-BB55-A09F353FC8C0}.Release|Any CPU.Build.0 = Release|Any CPU
		{A982EF1E-1187-4B1C-83B3-7285CAD46C96}.Debug|Any CPU.ActiveCfg = Debug|Any CPU
		{A982EF1E-1187-4B1C-83B3-7285CAD46C96}.Debug|Any CPU.Build.0 = Debug|Any CPU
		{A982EF1E-1187-4B1C-83B3-7285CAD46C96}.Release|Any CPU.ActiveCfg = Release|Any CPU
		{A982EF1E-1187-4B1C-83B3-7285CAD46C96}.Release|Any CPU.Build.0 = Release|Any CPU
		{89C231D3-F9C8-4199-BEDB-3850498CBC94}.Debug|Any CPU.ActiveCfg = Debug|Any CPU
		{89C231D3-F9C8-4199-BEDB-3850498CBC94}.Debug|Any CPU.Build.0 = Debug|Any CPU
		{89C231D3-F9C8-4199-BEDB-3850498CBC94}.Release|Any CPU.ActiveCfg = Release|Any CPU
		{89C231D3-F9C8-4199-BEDB-3850498CBC94}.Release|Any CPU.Build.0 = Release|Any CPU
		{7F5AC623-A72F-42F3-A9EE-4B99C7AAEE83}.Debug|Any CPU.ActiveCfg = Debug|Any CPU
		{7F5AC623-A72F-42F3-A9EE-4B99C7AAEE83}.Debug|Any CPU.Build.0 = Debug|Any CPU
		{7F5AC623-A72F-42F3-A9EE-4B99C7AAEE83}.Release|Any CPU.ActiveCfg = Release|Any CPU
		{7F5AC623-A72F-42F3-A9EE-4B99C7AAEE83}.Release|Any CPU.Build.0 = Release|Any CPU
		{792692F5-D484-4FD5-8C3C-47FE44A9F50A}.Debug|Any CPU.ActiveCfg = Debug|Any CPU
		{792692F5-D484-4FD5-8C3C-47FE44A9F50A}.Debug|Any CPU.Build.0 = Debug|Any CPU
		{792692F5-D484-4FD5-8C3C-47FE44A9F50A}.Release|Any CPU.ActiveCfg = Release|Any CPU
		{792692F5-D484-4FD5-8C3C-47FE44A9F50A}.Release|Any CPU.Build.0 = Release|Any CPU
		{3AF4BF39-112F-4A09-8D61-E2AD3B1B52A4}.Debug|Any CPU.ActiveCfg = Debug|Any CPU
		{3AF4BF39-112F-4A09-8D61-E2AD3B1B52A4}.Debug|Any CPU.Build.0 = Debug|Any CPU
		{3AF4BF39-112F-4A09-8D61-E2AD3B1B52A4}.Release|Any CPU.ActiveCfg = Release|Any CPU
		{3AF4BF39-112F-4A09-8D61-E2AD3B1B52A4}.Release|Any CPU.Build.0 = Release|Any CPU
		{FDDA95D9-5A68-486B-BEA5-02DB4D091ADE}.Debug|Any CPU.ActiveCfg = Debug|Any CPU
		{FDDA95D9-5A68-486B-BEA5-02DB4D091ADE}.Debug|Any CPU.Build.0 = Debug|Any CPU
		{FDDA95D9-5A68-486B-BEA5-02DB4D091ADE}.Release|Any CPU.ActiveCfg = Release|Any CPU
		{FDDA95D9-5A68-486B-BEA5-02DB4D091ADE}.Release|Any CPU.Build.0 = Release|Any CPU
		{6EC2653B-414F-43FF-A5FF-8EE0320C03F9}.Debug|Any CPU.ActiveCfg = Debug|Any CPU
		{6EC2653B-414F-43FF-A5FF-8EE0320C03F9}.Debug|Any CPU.Build.0 = Debug|Any CPU
		{6EC2653B-414F-43FF-A5FF-8EE0320C03F9}.Release|Any CPU.ActiveCfg = Release|Any CPU
		{6EC2653B-414F-43FF-A5FF-8EE0320C03F9}.Release|Any CPU.Build.0 = Release|Any CPU
		{31423C61-CA47-48B7-81E5-0DD6A300A73C}.Debug|Any CPU.ActiveCfg = Debug|Any CPU
		{31423C61-CA47-48B7-81E5-0DD6A300A73C}.Debug|Any CPU.Build.0 = Debug|Any CPU
		{31423C61-CA47-48B7-81E5-0DD6A300A73C}.Release|Any CPU.ActiveCfg = Release|Any CPU
		{31423C61-CA47-48B7-81E5-0DD6A300A73C}.Release|Any CPU.Build.0 = Release|Any CPU
	EndGlobalSection
	GlobalSection(SolutionProperties) = preSolution
		HideSolutionNode = FALSE
	EndGlobalSection
	GlobalSection(ExtensibilityGlobals) = postSolution
		SolutionGuid = {5D189131-75E2-467B-AB46-A91F50980A15}
	EndGlobalSection
EndGlobal
